
Microsoft Visual Studio Solution File, Format Version 12.00
# Visual Studio 15
VisualStudioVersion = 15.0.28307.1082
MinimumVisualStudioVersion = 10.0.40219.1
Project("{8BC9CEB8-8B4A-11D0-8D11-00A0C91BC942}") = "lab1", "lab1\lab1.vcxproj", "{D0DF297F-E78F-4A01-94DC-C36CC7A8EEE6}"
EndProject
Project("{8BC9CEB8-8B4A-11D0-8D11-00A0C91BC942}") = "lab2", "lab2\lab2.vcxproj", "{FDE473D7-270E-4382-B9F1-EEC864D97080}"
EndProject
Project("{8BC9CEB8-8B4A-11D0-8D11-00A0C91BC942}") = "lab3", "lab3\lab3.vcxproj", "{D217C5D0-9EFD-4D04-9883-90573F862FFF}"
EndProject
Global
	GlobalSection(SolutionConfigurationPlatforms) = preSolution
		Debug|x64 = Debug|x64
		Debug|x86 = Debug|x86
		Release|x64 = Release|x64
		Release|x86 = Release|x86
	EndGlobalSection
	GlobalSection(ProjectConfigurationPlatforms) = postSolution
		{D0DF297F-E78F-4A01-94DC-C36CC7A8EEE6}.Debug|x64.ActiveCfg = Debug|x64
		{D0DF297F-E78F-4A01-94DC-C36CC7A8EEE6}.Debug|x64.Build.0 = Debug|x64
		{D0DF297F-E78F-4A01-94DC-C36CC7A8EEE6}.Debug|x86.ActiveCfg = Debug|Win32
		{D0DF297F-E78F-4A01-94DC-C36CC7A8EEE6}.Debug|x86.Build.0 = Debug|Win32
		{D0DF297F-E78F-4A01-94DC-C36CC7A8EEE6}.Release|x64.ActiveCfg = Release|x64
		{D0DF297F-E78F-4A01-94DC-C36CC7A8EEE6}.Release|x64.Build.0 = Release|x64
		{D0DF297F-E78F-4A01-94DC-C36CC7A8EEE6}.Release|x86.ActiveCfg = Release|Win32
		{D0DF297F-E78F-4A01-94DC-C36CC7A8EEE6}.Release|x86.Build.0 = Release|Win32
		{FDE473D7-270E-4382-B9F1-EEC864D97080}.Debug|x64.ActiveCfg = Debug|x64
		{FDE473D7-270E-4382-B9F1-EEC864D97080}.Debug|x64.Build.0 = Debug|x64
		{FDE473D7-270E-4382-B9F1-EEC864D97080}.Debug|x86.ActiveCfg = Debug|Win32
		{FDE473D7-270E-4382-B9F1-EEC864D97080}.Debug|x86.Build.0 = Debug|Win32
		{FDE473D7-270E-4382-B9F1-EEC864D97080}.Release|x64.ActiveCfg = Release|x64
		{FDE473D7-270E-4382-B9F1-EEC864D97080}.Release|x64.Build.0 = Release|x64
		{FDE473D7-270E-4382-B9F1-EEC864D97080}.Release|x86.ActiveCfg = Release|Win32
		{FDE473D7-270E-4382-B9F1-EEC864D97080}.Release|x86.Build.0 = Release|Win32
		{D217C5D0-9EFD-4D04-9883-90573F862FFF}.Debug|x64.ActiveCfg = Debug|x64
		{D217C5D0-9EFD-4D04-9883-90573F862FFF}.Debug|x64.Build.0 = Debug|x64
		{D217C5D0-9EFD-4D04-9883-90573F862FFF}.Debug|x86.ActiveCfg = Debug|Win32
		{D217C5D0-9EFD-4D04-9883-90573F862FFF}.Debug|x86.Build.0 = Debug|Win32
		{D217C5D0-9EFD-4D04-9883-90573F862FFF}.Release|x64.ActiveCfg = Release|x64
		{D217C5D0-9EFD-4D04-9883-90573F862FFF}.Release|x64.Build.0 = Release|x64
		{D217C5D0-9EFD-4D04-9883-90573F862FFF}.Release|x86.ActiveCfg = Release|Win32
		{D217C5D0-9EFD-4D04-9883-90573F862FFF}.Release|x86.Build.0 = Release|Win32
	EndGlobalSection
	GlobalSection(SolutionProperties) = preSolution
		HideSolutionNode = FALSE
	EndGlobalSection
	GlobalSection(ExtensibilityGlobals) = postSolution
		SolutionGuid = {4099E304-1494-4986-ACD9-DFDDCE7819A6}
	EndGlobalSection
EndGlobal
